// !$*UTF8*$!
{
	archiveVersion = 1;
	classes = {
	};
	objectVersion = 46;
	objects = {

/* Begin PBXBuildFile section */
		9F2E2AE81DD4EF380091B3B7 /* GaussianPyramid.cpp in Sources */ = {isa = PBXBuildFile; fileRef = 9F2E2AE61DD4EF380091B3B7 /* GaussianPyramid.cpp */; };
		9F7F519D1DD0D47800FAE304 /* main.cpp in Sources */ = {isa = PBXBuildFile; fileRef = 9F7F519C1DD0D47800FAE304 /* main.cpp */; };
		9F7F51A61DD10B4B00FAE304 /* Mat2d.cpp in Sources */ = {isa = PBXBuildFile; fileRef = 9F7F51A41DD10B4B00FAE304 /* Mat2d.cpp */; };
		9F7F51AA1DD1825700FAE304 /* Debugger.cpp in Sources */ = {isa = PBXBuildFile; fileRef = 9F7F51A81DD1825700FAE304 /* Debugger.cpp */; };
		9F7F51AD1DD22EA300FAE304 /* MatXd.cpp in Sources */ = {isa = PBXBuildFile; fileRef = 9F7F51AB1DD22EA300FAE304 /* MatXd.cpp */; };
		9F7F51B01DD287DF00FAE304 /* Mat3d.cpp in Sources */ = {isa = PBXBuildFile; fileRef = 9F7F51AE1DD287DF00FAE304 /* Mat3d.cpp */; };
		9F7F51B71DD2D87300FAE304 /* imgproc.cpp in Sources */ = {isa = PBXBuildFile; fileRef = 9F7F51B51DD2D87300FAE304 /* imgproc.cpp */; };
		9F7F51BA1DD2D8FA00FAE304 /* imgio.cpp in Sources */ = {isa = PBXBuildFile; fileRef = 9F7F51B81DD2D8FA00FAE304 /* imgio.cpp */; };
		9F7F51BD1DD2DD0600FAE304 /* libX11.6.dylib in Frameworks */ = {isa = PBXBuildFile; fileRef = 9F7F51BC1DD2DD0600FAE304 /* libX11.6.dylib */; };
		9F7F51BF1DD2E70E00FAE304 /* libjpeg.8.dylib in Frameworks */ = {isa = PBXBuildFile; fileRef = 9F7F51BE1DD2E70E00FAE304 /* libjpeg.8.dylib */; };
		9FAE002E1DD656EF0076E8B2 /* Common.cpp in Sources */ = {isa = PBXBuildFile; fileRef = 9FAE002C1DD656EF0076E8B2 /* Common.cpp */; };
		9FB95CEF1DDA17BB0041DC8D /* SIFT.cpp in Sources */ = {isa = PBXBuildFile; fileRef = 9FB95CED1DDA17BB0041DC8D /* SIFT.cpp */; };
/* End PBXBuildFile section */

/* Begin PBXCopyFilesBuildPhase section */
		9F7F51971DD0D47800FAE304 /* CopyFiles */ = {
			isa = PBXCopyFilesBuildPhase;
			buildActionMask = 2147483647;
			dstPath = /usr/share/man/man1/;
			dstSubfolderSpec = 0;
			files = (
			);
			runOnlyForDeploymentPostprocessing = 1;
		};
/* End PBXCopyFilesBuildPhase section */

/* Begin PBXFileReference section */
		9F2E2AE61DD4EF380091B3B7 /* GaussianPyramid.cpp */ = {isa = PBXFileReference; fileEncoding = 4; lastKnownFileType = sourcecode.cpp.cpp; path = GaussianPyramid.cpp; sourceTree = "<group>"; };
		9F2E2AE71DD4EF380091B3B7 /* GaussianPyramid.hpp */ = {isa = PBXFileReference; fileEncoding = 4; lastKnownFileType = sourcecode.cpp.h; path = GaussianPyramid.hpp; sourceTree = "<group>"; };
		9F7F51991DD0D47800FAE304 /* Panoroma */ = {isa = PBXFileReference; explicitFileType = "compiled.mach-o.executable"; includeInIndex = 0; path = Panoroma; sourceTree = BUILT_PRODUCTS_DIR; };
		9F7F519C1DD0D47800FAE304 /* main.cpp */ = {isa = PBXFileReference; lastKnownFileType = sourcecode.cpp.cpp; path = main.cpp; sourceTree = "<group>"; };
		9F7F51A41DD10B4B00FAE304 /* Mat2d.cpp */ = {isa = PBXFileReference; fileEncoding = 4; lastKnownFileType = sourcecode.cpp.cpp; path = Mat2d.cpp; sourceTree = "<group>"; };
		9F7F51A51DD10B4B00FAE304 /* Mat2d.hpp */ = {isa = PBXFileReference; fileEncoding = 4; lastKnownFileType = sourcecode.cpp.h; path = Mat2d.hpp; sourceTree = "<group>"; };
		9F7F51A81DD1825700FAE304 /* Debugger.cpp */ = {isa = PBXFileReference; fileEncoding = 4; lastKnownFileType = sourcecode.cpp.cpp; path = Debugger.cpp; sourceTree = "<group>"; };
		9F7F51A91DD1825700FAE304 /* Debugger.hpp */ = {isa = PBXFileReference; fileEncoding = 4; lastKnownFileType = sourcecode.cpp.h; path = Debugger.hpp; sourceTree = "<group>"; };
		9F7F51AB1DD22EA300FAE304 /* MatXd.cpp */ = {isa = PBXFileReference; fileEncoding = 4; lastKnownFileType = sourcecode.cpp.cpp; path = MatXd.cpp; sourceTree = "<group>"; };
		9F7F51AC1DD22EA300FAE304 /* MatXd.hpp */ = {isa = PBXFileReference; fileEncoding = 4; lastKnownFileType = sourcecode.cpp.h; path = MatXd.hpp; sourceTree = "<group>"; };
		9F7F51AE1DD287DF00FAE304 /* Mat3d.cpp */ = {isa = PBXFileReference; fileEncoding = 4; lastKnownFileType = sourcecode.cpp.cpp; path = Mat3d.cpp; sourceTree = "<group>"; };
		9F7F51AF1DD287DF00FAE304 /* Mat3d.hpp */ = {isa = PBXFileReference; fileEncoding = 4; lastKnownFileType = sourcecode.cpp.h; path = Mat3d.hpp; sourceTree = "<group>"; };
		9F7F51B41DD2916000FAE304 /* CImg.h */ = {isa = PBXFileReference; fileEncoding = 4; lastKnownFileType = sourcecode.c.h; path = CImg.h; sourceTree = "<group>"; };
		9F7F51B51DD2D87300FAE304 /* imgproc.cpp */ = {isa = PBXFileReference; fileEncoding = 4; lastKnownFileType = sourcecode.cpp.cpp; path = imgproc.cpp; sourceTree = "<group>"; };
		9F7F51B61DD2D87300FAE304 /* imgproc.hpp */ = {isa = PBXFileReference; fileEncoding = 4; lastKnownFileType = sourcecode.cpp.h; path = imgproc.hpp; sourceTree = "<group>"; };
		9F7F51B81DD2D8FA00FAE304 /* imgio.cpp */ = {isa = PBXFileReference; fileEncoding = 4; lastKnownFileType = sourcecode.cpp.cpp; path = imgio.cpp; sourceTree = "<group>"; };
		9F7F51B91DD2D8FA00FAE304 /* imgio.hpp */ = {isa = PBXFileReference; fileEncoding = 4; lastKnownFileType = sourcecode.cpp.h; path = imgio.hpp; sourceTree = "<group>"; };
		9F7F51BC1DD2DD0600FAE304 /* libX11.6.dylib */ = {isa = PBXFileReference; lastKnownFileType = "compiled.mach-o.dylib"; name = libX11.6.dylib; path = ../../../../../opt/X11/lib/libX11.6.dylib; sourceTree = "<group>"; };
		9F7F51BE1DD2E70E00FAE304 /* libjpeg.8.dylib */ = {isa = PBXFileReference; lastKnownFileType = "compiled.mach-o.dylib"; name = libjpeg.8.dylib; path = ../../../../../usr/local/Cellar/jpeg/8d/lib/libjpeg.8.dylib; sourceTree = "<group>"; };
		9FAE002C1DD656EF0076E8B2 /* Common.cpp */ = {isa = PBXFileReference; fileEncoding = 4; lastKnownFileType = sourcecode.cpp.cpp; path = Common.cpp; sourceTree = "<group>"; };
		9FAE002D1DD656EF0076E8B2 /* Common.hpp */ = {isa = PBXFileReference; fileEncoding = 4; lastKnownFileType = sourcecode.cpp.h; path = Common.hpp; sourceTree = "<group>"; };
		9FB95CED1DDA17BB0041DC8D /* SIFT.cpp */ = {isa = PBXFileReference; fileEncoding = 4; lastKnownFileType = sourcecode.cpp.cpp; path = SIFT.cpp; sourceTree = "<group>"; };
		9FB95CEE1DDA17BB0041DC8D /* SIFT.hpp */ = {isa = PBXFileReference; fileEncoding = 4; lastKnownFileType = sourcecode.cpp.h; path = SIFT.hpp; sourceTree = "<group>"; };
/* End PBXFileReference section */

/* Begin PBXFrameworksBuildPhase section */
		9F7F51961DD0D47800FAE304 /* Frameworks */ = {
			isa = PBXFrameworksBuildPhase;
			buildActionMask = 2147483647;
			files = (
				9F7F51BF1DD2E70E00FAE304 /* libjpeg.8.dylib in Frameworks */,
				9F7F51BD1DD2DD0600FAE304 /* libX11.6.dylib in Frameworks */,
			);
			runOnlyForDeploymentPostprocessing = 0;
		};
/* End PBXFrameworksBuildPhase section */

/* Begin PBXGroup section */
		9F7F51901DD0D47800FAE304 = {
			isa = PBXGroup;
			children = (
				9F7F519B1DD0D47800FAE304 /* Panoroma */,
				9F7F519A1DD0D47800FAE304 /* Products */,
				9F7F51BB1DD2DD0600FAE304 /* Frameworks */,
			);
			sourceTree = "<group>";
		};
		9F7F519A1DD0D47800FAE304 /* Products */ = {
			isa = PBXGroup;
			children = (
				9F7F51991DD0D47800FAE304 /* Panoroma */,
			);
			name = Products;
			sourceTree = "<group>";
		};
		9F7F519B1DD0D47800FAE304 /* Panoroma */ = {
			isa = PBXGroup;
			children = (
				9F7F51B21DD28EB400FAE304 /* 3rdparty */,
				9F7F51B11DD28EA900FAE304 /* feature2d */,
				9F7F51A31DD10B2A00FAE304 /* utils */,
				9F7F519C1DD0D47800FAE304 /* main.cpp */,
			);
			path = Panoroma;
			sourceTree = "<group>";
		};
		9F7F51A31DD10B2A00FAE304 /* utils */ = {
			isa = PBXGroup;
			children = (
				9F7F51A41DD10B4B00FAE304 /* Mat2d.cpp */,
				9F7F51A51DD10B4B00FAE304 /* Mat2d.hpp */,
				9F7F51A81DD1825700FAE304 /* Debugger.cpp */,
				9F7F51A91DD1825700FAE304 /* Debugger.hpp */,
				9F7F51AB1DD22EA300FAE304 /* MatXd.cpp */,
				9F7F51AC1DD22EA300FAE304 /* MatXd.hpp */,
				9F7F51AE1DD287DF00FAE304 /* Mat3d.cpp */,
				9F7F51AF1DD287DF00FAE304 /* Mat3d.hpp */,
				9F7F51B51DD2D87300FAE304 /* imgproc.cpp */,
				9F7F51B61DD2D87300FAE304 /* imgproc.hpp */,
				9F7F51B81DD2D8FA00FAE304 /* imgio.cpp */,
				9F7F51B91DD2D8FA00FAE304 /* imgio.hpp */,
				9FAE002C1DD656EF0076E8B2 /* Common.cpp */,
				9FAE002D1DD656EF0076E8B2 /* Common.hpp */,
			);
			path = utils;
			sourceTree = "<group>";
		};
		9F7F51B11DD28EA900FAE304 /* feature2d */ = {
			isa = PBXGroup;
			children = (
				9F2E2AE61DD4EF380091B3B7 /* GaussianPyramid.cpp */,
				9F2E2AE71DD4EF380091B3B7 /* GaussianPyramid.hpp */,
				9FB95CED1DDA17BB0041DC8D /* SIFT.cpp */,
				9FB95CEE1DDA17BB0041DC8D /* SIFT.hpp */,
			);
			name = feature2d;
			sourceTree = "<group>";
		};
		9F7F51B21DD28EB400FAE304 /* 3rdparty */ = {
			isa = PBXGroup;
			children = (
				9F7F51B41DD2916000FAE304 /* CImg.h */,
			);
			path = 3rdparty;
			sourceTree = "<group>";
		};
		9F7F51BB1DD2DD0600FAE304 /* Frameworks */ = {
			isa = PBXGroup;
			children = (
				9F7F51BE1DD2E70E00FAE304 /* libjpeg.8.dylib */,
				9F7F51BC1DD2DD0600FAE304 /* libX11.6.dylib */,
			);
			name = Frameworks;
			sourceTree = "<group>";
		};
/* End PBXGroup section */

/* Begin PBXNativeTarget section */
		9F7F51981DD0D47800FAE304 /* Panoroma */ = {
			isa = PBXNativeTarget;
			buildConfigurationList = 9F7F51A01DD0D47800FAE304 /* Build configuration list for PBXNativeTarget "Panoroma" */;
			buildPhases = (
				9F7F51951DD0D47800FAE304 /* Sources */,
				9F7F51961DD0D47800FAE304 /* Frameworks */,
				9F7F51971DD0D47800FAE304 /* CopyFiles */,
			);
			buildRules = (
			);
			dependencies = (
			);
			name = Panoroma;
			productName = Panoroma;
			productReference = 9F7F51991DD0D47800FAE304 /* Panoroma */;
			productType = "com.apple.product-type.tool";
		};
/* End PBXNativeTarget section */

/* Begin PBXProject section */
		9F7F51911DD0D47800FAE304 /* Project object */ = {
			isa = PBXProject;
			attributes = {
				LastUpgradeCheck = 0810;
				ORGANIZATIONNAME = Neil;
				TargetAttributes = {
					9F7F51981DD0D47800FAE304 = {
						CreatedOnToolsVersion = 8.1;
						ProvisioningStyle = Automatic;
					};
				};
			};
			buildConfigurationList = 9F7F51941DD0D47800FAE304 /* Build configuration list for PBXProject "Panoroma" */;
			compatibilityVersion = "Xcode 3.2";
			developmentRegion = English;
			hasScannedForEncodings = 0;
			knownRegions = (
				en,
			);
			mainGroup = 9F7F51901DD0D47800FAE304;
			productRefGroup = 9F7F519A1DD0D47800FAE304 /* Products */;
			projectDirPath = "";
			projectRoot = "";
			targets = (
				9F7F51981DD0D47800FAE304 /* Panoroma */,
			);
		};
/* End PBXProject section */

/* Begin PBXSourcesBuildPhase section */
		9F7F51951DD0D47800FAE304 /* Sources */ = {
			isa = PBXSourcesBuildPhase;
			buildActionMask = 2147483647;
			files = (
				9F7F51AD1DD22EA300FAE304 /* MatXd.cpp in Sources */,
				9F7F51AA1DD1825700FAE304 /* Debugger.cpp in Sources */,
				9FAE002E1DD656EF0076E8B2 /* Common.cpp in Sources */,
				9F7F51A61DD10B4B00FAE304 /* Mat2d.cpp in Sources */,
				9F7F51BA1DD2D8FA00FAE304 /* imgio.cpp in Sources */,
				9F7F519D1DD0D47800FAE304 /* main.cpp in Sources */,
				9F2E2AE81DD4EF380091B3B7 /* GaussianPyramid.cpp in Sources */,
				9F7F51B01DD287DF00FAE304 /* Mat3d.cpp in Sources */,
				9F7F51B71DD2D87300FAE304 /* imgproc.cpp in Sources */,
				9FB95CEF1DDA17BB0041DC8D /* SIFT.cpp in Sources */,
			);
			runOnlyForDeploymentPostprocessing = 0;
		};
/* End PBXSourcesBuildPhase section */

/* Begin XCBuildConfiguration section */
		9F7F519E1DD0D47800FAE304 /* Debug */ = {
			isa = XCBuildConfiguration;
			buildSettings = {
				ALWAYS_SEARCH_USER_PATHS = NO;
				CLANG_ANALYZER_NONNULL = YES;
				CLANG_CXX_LANGUAGE_STANDARD = "gnu++0x";
				CLANG_CXX_LIBRARY = "libc++";
				CLANG_ENABLE_MODULES = YES;
				CLANG_ENABLE_OBJC_ARC = YES;
				CLANG_WARN_BOOL_CONVERSION = YES;
				CLANG_WARN_CONSTANT_CONVERSION = YES;
				CLANG_WARN_DIRECT_OBJC_ISA_USAGE = YES_ERROR;
				CLANG_WARN_DOCUMENTATION_COMMENTS = YES;
				CLANG_WARN_EMPTY_BODY = YES;
				CLANG_WARN_ENUM_CONVERSION = YES;
				CLANG_WARN_INFINITE_RECURSION = YES;
				CLANG_WARN_INT_CONVERSION = YES;
				CLANG_WARN_OBJC_ROOT_CLASS = YES_ERROR;
				CLANG_WARN_SUSPICIOUS_MOVES = YES;
				CLANG_WARN_UNREACHABLE_CODE = YES;
				CLANG_WARN__DUPLICATE_METHOD_MATCH = YES;
				CODE_SIGN_IDENTITY = "-";
				COPY_PHASE_STRIP = NO;
				DEBUG_INFORMATION_FORMAT = dwarf;
				ENABLE_STRICT_OBJC_MSGSEND = YES;
				ENABLE_TESTABILITY = YES;
				GCC_C_LANGUAGE_STANDARD = gnu99;
				GCC_DYNAMIC_NO_PIC = NO;
				GCC_NO_COMMON_BLOCKS = YES;
				GCC_OPTIMIZATION_LEVEL = 0;
				GCC_PREPROCESSOR_DEFINITIONS = (
					"DEBUG=1",
					"$(inherited)",
				);
				GCC_WARN_64_TO_32_BIT_CONVERSION = YES;
				GCC_WARN_ABOUT_RETURN_TYPE = YES_ERROR;
				GCC_WARN_UNDECLARED_SELECTOR = YES;
				GCC_WARN_UNINITIALIZED_AUTOS = YES_AGGRESSIVE;
				GCC_WARN_UNUSED_FUNCTION = YES;
				GCC_WARN_UNUSED_VARIABLE = YES;
				MACOSX_DEPLOYMENT_TARGET = 10.12;
				MTL_ENABLE_DEBUG_INFO = YES;
				ONLY_ACTIVE_ARCH = YES;
				SDKROOT = macosx;
			};
			name = Debug;
		};
		9F7F519F1DD0D47800FAE304 /* Release */ = {
			isa = XCBuildConfiguration;
			buildSettings = {
				ALWAYS_SEARCH_USER_PATHS = NO;
				CLANG_ANALYZER_NONNULL = YES;
				CLANG_CXX_LANGUAGE_STANDARD = "gnu++0x";
				CLANG_CXX_LIBRARY = "libc++";
				CLANG_ENABLE_MODULES = YES;
				CLANG_ENABLE_OBJC_ARC = YES;
				CLANG_WARN_BOOL_CONVERSION = YES;
				CLANG_WARN_CONSTANT_CONVERSION = YES;
				CLANG_WARN_DIRECT_OBJC_ISA_USAGE = YES_ERROR;
				CLANG_WARN_DOCUMENTATION_COMMENTS = YES;
				CLANG_WARN_EMPTY_BODY = YES;
				CLANG_WARN_ENUM_CONVERSION = YES;
				CLANG_WARN_INFINITE_RECURSION = YES;
				CLANG_WARN_INT_CONVERSION = YES;
				CLANG_WARN_OBJC_ROOT_CLASS = YES_ERROR;
				CLANG_WARN_SUSPICIOUS_MOVES = YES;
				CLANG_WARN_UNREACHABLE_CODE = YES;
				CLANG_WARN__DUPLICATE_METHOD_MATCH = YES;
				CODE_SIGN_IDENTITY = "-";
				COPY_PHASE_STRIP = NO;
				DEBUG_INFORMATION_FORMAT = "dwarf-with-dsym";
				ENABLE_NS_ASSERTIONS = NO;
				ENABLE_STRICT_OBJC_MSGSEND = YES;
				GCC_C_LANGUAGE_STANDARD = gnu99;
				GCC_NO_COMMON_BLOCKS = YES;
				GCC_WARN_64_TO_32_BIT_CONVERSION = YES;
				GCC_WARN_ABOUT_RETURN_TYPE = YES_ERROR;
				GCC_WARN_UNDECLARED_SELECTOR = YES;
				GCC_WARN_UNINITIALIZED_AUTOS = YES_AGGRESSIVE;
				GCC_WARN_UNUSED_FUNCTION = YES;
				GCC_WARN_UNUSED_VARIABLE = YES;
				MACOSX_DEPLOYMENT_TARGET = 10.12;
				MTL_ENABLE_DEBUG_INFO = NO;
				SDKROOT = macosx;
			};
			name = Release;
		};
		9F7F51A11DD0D47800FAE304 /* Debug */ = {
			isa = XCBuildConfiguration;
			buildSettings = {
				GCC_PREPROCESSOR_DEFINITIONS = (
					"DEBUG=1",
					"$(inherited)",
					cimg_use_jpeg,
				);
				HEADER_SEARCH_PATHS = (
					/usr/local/include/,
					/usr/x11/include,
				);
				LIBRARY_SEARCH_PATHS = (
					/usr/x11/lib,
					/opt/X11/lib,
					/usr/local/Cellar/jpeg/8d/lib,
				);
				PRODUCT_NAME = "$(TARGET_NAME)";
			};
			name = Debug;
		};
		9F7F51A21DD0D47800FAE304 /* Release */ = {
			isa = XCBuildConfiguration;
			buildSettings = {
				HEADER_SEARCH_PATHS = (
					/usr/local/include/,
					/usr/x11/include,
				);
				LIBRARY_SEARCH_PATHS = (
					/usr/x11/lib,
					/opt/X11/lib,
					/usr/local/Cellar/jpeg/8d/lib,
				);
				PRODUCT_NAME = "$(TARGET_NAME)";
			};
			name = Release;
		};
/* End XCBuildConfiguration section */

/* Begin XCConfigurationList section */
		9F7F51941DD0D47800FAE304 /* Build configuration list for PBXProject "Panoroma" */ = {
			isa = XCConfigurationList;
			buildConfigurations = (
				9F7F519E1DD0D47800FAE304 /* Debug */,
				9F7F519F1DD0D47800FAE304 /* Release */,
			);
			defaultConfigurationIsVisible = 0;
			defaultConfigurationName = Release;
		};
		9F7F51A01DD0D47800FAE304 /* Build configuration list for PBXNativeTarget "Panoroma" */ = {
			isa = XCConfigurationList;
			buildConfigurations = (
				9F7F51A11DD0D47800FAE304 /* Debug */,
				9F7F51A21DD0D47800FAE304 /* Release */,
			);
			defaultConfigurationIsVisible = 0;
			defaultConfigurationName = Release;
		};
/* End XCConfigurationList section */
	};
	rootObject = 9F7F51911DD0D47800FAE304 /* Project object */;
}
